# This file is autogenerated, do not edit; changes may be undone by the next 'dep ensure'.


[[projects]]
  branch = "master"
  name = "github.com/Clever/configure"
  packages = ["."]
  revision = "e78d73be7dbf9a649bdf2f8806cff1ae9db52a97"

[solve-meta]
  analyzer-name = "dep"
  analyzer-version = 1
  inputs-digest = "b934d7fd67b94ddeb300e3c655ed170b61434a206c961c2d253d6d67d43156f4"
  solver-name = "gps-cdcl"
  solver-version = 1
